
Microsoft Visual Studio Solution File, Format Version 12.00
# Visual Studio 15
VisualStudioVersion = 15.0.26730.16
MinimumVisualStudioVersion = 10.0.40219.1
Project("{FAE04EC0-301F-11D3-BF4B-00C04F79EFBC}") = "Core", "Core\Core.csproj", "{2D990DD8-8992-4787-BE92-408474799652}"
EndProject
Project("{FAE04EC0-301F-11D3-BF4B-00C04F79EFBC}") = "Web", "Web\Web.csproj", "{1E33C0EF-3C99-46E2-9C48-A65548B6A75D}"
EndProject
Project("{FAE04EC0-301F-11D3-BF4B-00C04F79EFBC}") = "Api", "Api\Api.csproj", "{C8A478FD-D1F6-4735-9E9A-0B1361B6F866}"
EndProject
Project("{FAE04EC0-301F-11D3-BF4B-00C04F79EFBC}") = "Api.Integration.Tests", "Api.Integration.Tests\Api.Integration.Tests.csproj", "{C49F815E-D8C2-4366-AD4B-4851DF887AAD}"
EndProject
Project("{FAE04EC0-301F-11D3-BF4B-00C04F79EFBC}") = "Web.Unit.Tests", "Web.Unit.Tests\Web.Unit.Tests.csproj", "{B7D74C64-889B-4790-8E1C-9259237CB749}"
EndProject
Project("{FAE04EC0-301F-11D3-BF4B-00C04F79EFBC}") = "TestingTools", "TestingTools\TestingTools.csproj", "{4EC29603-5334-4440-937D-4F37A59434EC}"
EndProject
Project("{FAE04EC0-301F-11D3-BF4B-00C04F79EFBC}") = "Web.UI.Tests", "Web.UI.Tests\Web.UI.Tests.csproj", "{96318889-23FB-4588-A995-FFAD20846E5A}"
EndProject
Project("{2150E333-8FDC-42A3-9474-1A3956D46DE8}") = "Solution Items", "Solution Items", "{CA12469E-9F82-47C9-8666-B2CC05C40472}"
	ProjectSection(SolutionItems) = preProject
		README.md = README.md
		reviews.md = reviews.md
	EndProjectSection
EndProject
Global
	GlobalSection(SolutionConfigurationPlatforms) = preSolution
		Debug|Any CPU = Debug|Any CPU
		Release|Any CPU = Release|Any CPU
	EndGlobalSection
	GlobalSection(ProjectConfigurationPlatforms) = postSolution
		{2D990DD8-8992-4787-BE92-408474799652}.Debug|Any CPU.ActiveCfg = Debug|Any CPU
		{2D990DD8-8992-4787-BE92-408474799652}.Debug|Any CPU.Build.0 = Debug|Any CPU
		{2D990DD8-8992-4787-BE92-408474799652}.Release|Any CPU.ActiveCfg = Release|Any CPU
		{2D990DD8-8992-4787-BE92-408474799652}.Release|Any CPU.Build.0 = Release|Any CPU
		{1E33C0EF-3C99-46E2-9C48-A65548B6A75D}.Debug|Any CPU.ActiveCfg = Debug|Any CPU
		{1E33C0EF-3C99-46E2-9C48-A65548B6A75D}.Debug|Any CPU.Build.0 = Debug|Any CPU
		{1E33C0EF-3C99-46E2-9C48-A65548B6A75D}.Release|Any CPU.ActiveCfg = Release|Any CPU
		{1E33C0EF-3C99-46E2-9C48-A65548B6A75D}.Release|Any CPU.Build.0 = Release|Any CPU
		{C8A478FD-D1F6-4735-9E9A-0B1361B6F866}.Debug|Any CPU.ActiveCfg = Debug|Any CPU
		{C8A478FD-D1F6-4735-9E9A-0B1361B6F866}.Debug|Any CPU.Build.0 = Debug|Any CPU
		{C8A478FD-D1F6-4735-9E9A-0B1361B6F866}.Release|Any CPU.ActiveCfg = Release|Any CPU
		{C8A478FD-D1F6-4735-9E9A-0B1361B6F866}.Release|Any CPU.Build.0 = Release|Any CPU
		{C49F815E-D8C2-4366-AD4B-4851DF887AAD}.Debug|Any CPU.ActiveCfg = Debug|Any CPU
		{C49F815E-D8C2-4366-AD4B-4851DF887AAD}.Debug|Any CPU.Build.0 = Debug|Any CPU
		{C49F815E-D8C2-4366-AD4B-4851DF887AAD}.Release|Any CPU.ActiveCfg = Release|Any CPU
		{C49F815E-D8C2-4366-AD4B-4851DF887AAD}.Release|Any CPU.Build.0 = Release|Any CPU
		{B7D74C64-889B-4790-8E1C-9259237CB749}.Debug|Any CPU.ActiveCfg = Debug|Any CPU
		{B7D74C64-889B-4790-8E1C-9259237CB749}.Debug|Any CPU.Build.0 = Debug|Any CPU
		{B7D74C64-889B-4790-8E1C-9259237CB749}.Release|Any CPU.ActiveCfg = Release|Any CPU
		{B7D74C64-889B-4790-8E1C-9259237CB749}.Release|Any CPU.Build.0 = Release|Any CPU
		{4EC29603-5334-4440-937D-4F37A59434EC}.Debug|Any CPU.ActiveCfg = Debug|Any CPU
		{4EC29603-5334-4440-937D-4F37A59434EC}.Debug|Any CPU.Build.0 = Debug|Any CPU
		{4EC29603-5334-4440-937D-4F37A59434EC}.Release|Any CPU.ActiveCfg = Release|Any CPU
		{4EC29603-5334-4440-937D-4F37A59434EC}.Release|Any CPU.Build.0 = Release|Any CPU
		{96318889-23FB-4588-A995-FFAD20846E5A}.Debug|Any CPU.ActiveCfg = Debug|Any CPU
		{96318889-23FB-4588-A995-FFAD20846E5A}.Debug|Any CPU.Build.0 = Debug|Any CPU
		{96318889-23FB-4588-A995-FFAD20846E5A}.Release|Any CPU.ActiveCfg = Release|Any CPU
		{96318889-23FB-4588-A995-FFAD20846E5A}.Release|Any CPU.Build.0 = Release|Any CPU
	EndGlobalSection
	GlobalSection(SolutionProperties) = preSolution
		HideSolutionNode = FALSE
	EndGlobalSection
	GlobalSection(ExtensibilityGlobals) = postSolution
		SolutionGuid = {88BC82B8-FC56-47E4-A096-B7238617965A}
	EndGlobalSection
EndGlobal
